# THIS IS AN AUTOGENERATED FILE. DO NOT EDIT THIS FILE DIRECTLY.
# yarn lockfile v1


"@tauri-apps/cli-darwin-arm64@2.0.0":
  version "2.0.0"
  resolved "https://registry.yarnpkg.com/@tauri-apps/cli-darwin-arm64/-/cli-darwin-arm64-2.0.0.tgz#d4b701e82d22c485bcc949f958feae3878301985"
  integrity sha512-+agYqg2c77imaMfKw7mzqecVIDGcwr6bZMdglJ808O2UjTFzMwnAam1sU26YBYU+IyIjwOu00fm9Azpal+N/Ew==

"@tauri-apps/cli-darwin-x64@2.0.0":
  version "2.0.0"
  resolved "https://registry.yarnpkg.com/@tauri-apps/cli-darwin-x64/-/cli-darwin-x64-2.0.0.tgz#a8557320b5a41b8b115b74e017f94d07e3199804"
  integrity sha512-keN2PLTTcZmbWwFMup/NGcshmvyLnhRPChO8lbm9C5a0IY7zUNQUD7/o/zIulQdLJqDxkdpWJ1j2jTycAtvtKQ==

"@tauri-apps/cli-linux-arm-gnueabihf@2.0.0":
  version "2.0.0"
  resolved "https://registry.yarnpkg.com/@tauri-apps/cli-linux-arm-gnueabihf/-/cli-linux-arm-gnueabihf-2.0.0.tgz#9672b6721c44611ea5dd2d28be7711b859c1cc61"
  integrity sha512-FQJNrlCUBb9E7Fhp5ARy+Or8lSvorG41aVrfi0cGNvv1QlIGSj77TN7SKK+L1jAGzKj1Bl2kCZIESF6Zi8N/+Q==

"@tauri-apps/cli-linux-arm64-gnu@2.0.0":
  version "2.0.0"
  resolved "https://registry.yarnpkg.com/@tauri-apps/cli-linux-arm64-gnu/-/cli-linux-arm64-gnu-2.0.0.tgz#d453c6b5cd2e9e0bce0a11c4b3902f3f0830beaf"
  integrity sha512-TK3VrZG5LK1NGueKwnZA1/3gj/qkwry001MNCHXjT6394dwrDv+digCc9Qc569h+xeH/FF71jyoiRIu3gRE6iA==

"@tauri-apps/cli-linux-arm64-musl@2.0.0":
  version "2.0.0"
  resolved "https://registry.yarnpkg.com/@tauri-apps/cli-linux-arm64-musl/-/cli-linux-arm64-musl-2.0.0.tgz#5fafbfe6c07f99b62d64e0595c4317cf070e5f05"
  integrity sha512-E3hRmS/0m8YUYMTKZtBExpk/284CTi2nymks0dK0L1j+3KjffL7DiilnIfNFmTvWBgMrs0cVCtoaN/ba/A9mNA==

"@tauri-apps/cli-linux-x64-gnu@2.0.0":
  version "2.0.0"
  resolved "https://registry.yarnpkg.com/@tauri-apps/cli-linux-x64-gnu/-/cli-linux-x64-gnu-2.0.0.tgz#f13b70151992fc7595a53d52f0ed674e938e3af3"
  integrity sha512-veX4BJp5xnW8KmxVjchWt4oZEIvKGhuSR7qU1WpqTR21e/eTe/ksGsdXPsqOKQvv/w1X6jhqmlPvhnFmDwUJ/w==

"@tauri-apps/cli-linux-x64-musl@2.0.0":
  version "2.0.0"
  resolved "https://registry.yarnpkg.com/@tauri-apps/cli-linux-x64-musl/-/cli-linux-x64-musl-2.0.0.tgz#9000ea61ee491ca5c77b6e895563b69043f9d930"
  integrity sha512-9Eso/8wbsWbOyd9PZEIzN/48ZQJrUGQqGZtglcjUku0lO76mnX0fOnit4nQ57Oj0wezJPhv4mgSseG1OsTIVzw==

"@tauri-apps/cli-win32-arm64-msvc@2.0.0":
  version "2.0.0"
  resolved "https://registry.yarnpkg.com/@tauri-apps/cli-win32-arm64-msvc/-/cli-win32-arm64-msvc-2.0.0.tgz#a83fc8af5aa54aec3a58bd7429fa98fdc0da0c45"
  integrity sha512-ky8vWAuDUf8WGt9+a0G/EbU0OhdIkogelh9qjIYGHbyEYAJqXfN5P40aHUEg3y8ngQ0YGwRX5ePsQsSZiiR5PQ==

"@tauri-apps/cli-win32-ia32-msvc@2.0.0":
  version "2.0.0"
  resolved "https://registry.yarnpkg.com/@tauri-apps/cli-win32-ia32-msvc/-/cli-win32-ia32-msvc-2.0.0.tgz#871cf141adff671fbf2a091170189dab1c20403d"
  integrity sha512-uD45cLZ/EBaT8o4a27tHW7t5UKFplnvDLt/uSUaCpJ3NyOTV6nMXOUrJBe+hH9hSBohqNAF7LEyYo1p932DWFg==

"@tauri-apps/cli-win32-x64-msvc@2.0.0":
  version "2.0.0"
  resolved "https://registry.yarnpkg.com/@tauri-apps/cli-win32-x64-msvc/-/cli-win32-x64-msvc-2.0.0.tgz#b7b635953e7a29b5c260bd2a6b37f4c92b0473d3"
  integrity sha512-oFlo14YMsvyhJHmmHgRuOpJ1L9w15193c1Nfj1DksS2LHj6tLzirI7YrAF9inY/XjHFjNHzYPmBpABibkf/9wQ==

"@tauri-apps/cli@^2.0.0":
  version "2.0.0"
  resolved "https://registry.yarnpkg.com/@tauri-apps/cli/-/cli-2.0.0.tgz#80022674af3b6cb7e34a8022dcfd0cef2b9084c2"
  integrity sha512-xxmPllRa6w/LRRcPczST3yHrYoi8l6ZZmzwabEmM0cgDdhVDmX+Y4oDJkiKD+8cVdxwwEzIuIKuaCwsX8iNsgA==
  optionalDependencies:
    "@tauri-apps/cli-darwin-arm64" "2.0.0"
    "@tauri-apps/cli-darwin-x64" "2.0.0"
    "@tauri-apps/cli-linux-arm-gnueabihf" "2.0.0"
    "@tauri-apps/cli-linux-arm64-gnu" "2.0.0"
    "@tauri-apps/cli-linux-arm64-musl" "2.0.0"
    "@tauri-apps/cli-linux-x64-gnu" "2.0.0"
    "@tauri-apps/cli-linux-x64-musl" "2.0.0"
    "@tauri-apps/cli-win32-arm64-msvc" "2.0.0"
    "@tauri-apps/cli-win32-ia32-msvc" "2.0.0"
    "@tauri-apps/cli-win32-x64-msvc" "2.0.0"
